
Microsoft Visual Studio Solution File, Format Version 12.00
# Visual Studio Version 16
VisualStudioVersion = 16.0.32901.82
MinimumVisualStudioVersion = 10.0.40219.1
Project("{FAE04EC0-301F-11D3-BF4B-00C04F79EFBC}") = "ConversorTemperaturas", "ConversorTemperaturas\ConversorTemperaturas.csproj", "{8EC6311F-6A4A-474C-A0DE-2B105BCE935A}"
EndProject
Global
	GlobalSection(SolutionConfigurationPlatforms) = preSolution
		Debug|Any CPU = Debug|Any CPU
		Release|Any CPU = Release|Any CPU
	EndGlobalSection
	GlobalSection(ProjectConfigurationPlatforms) = postSolution
		{8EC6311F-6A4A-474C-A0DE-2B105BCE935A}.Debug|Any CPU.ActiveCfg = Debug|Any CPU
		{8EC6311F-6A4A-474C-A0DE-2B105BCE935A}.Debug|Any CPU.Build.0 = Debug|Any CPU
		{8EC6311F-6A4A-474C-A0DE-2B105BCE935A}.Release|Any CPU.ActiveCfg = Release|Any CPU
		{8EC6311F-6A4A-474C-A0DE-2B105BCE935A}.Release|Any CPU.Build.0 = Release|Any CPU
	EndGlobalSection
	GlobalSection(SolutionProperties) = preSolution
		HideSolutionNode = FALSE
	EndGlobalSection
	GlobalSection(ExtensibilityGlobals) = postSolution
		SolutionGuid = {5453BCAF-4D2B-45C2-A2D6-635F19BF8874}
	EndGlobalSection
EndGlobal
